
Microsoft Visual Studio Solution File, Format Version 12.00
# Visual Studio Version 16
VisualStudioVersion = 16.0.30517.126
MinimumVisualStudioVersion = 10.0.40219.1
Project("{FAE04EC0-301F-11D3-BF4B-00C04F79EFBC}") = "QuanLiTiemNet", "QuanLiTiemNet\QuanLiTiemNet.csproj", "{610E11FE-776F-4D66-98E9-5840CD3417DC}"
EndProject
Global
	GlobalSection(SolutionConfigurationPlatforms) = preSolution
		Debug|Any CPU = Debug|Any CPU
		Release|Any CPU = Release|Any CPU
	EndGlobalSection
	GlobalSection(ProjectConfigurationPlatforms) = postSolution
		{610E11FE-776F-4D66-98E9-5840CD3417DC}.Debug|Any CPU.ActiveCfg = Debug|Any CPU
		{610E11FE-776F-4D66-98E9-5840CD3417DC}.Debug|Any CPU.Build.0 = Debug|Any CPU
		{610E11FE-776F-4D66-98E9-5840CD3417DC}.Release|Any CPU.ActiveCfg = Release|Any CPU
		{610E11FE-776F-4D66-98E9-5840CD3417DC}.Release|Any CPU.Build.0 = Release|Any CPU
	EndGlobalSection
	GlobalSection(SolutionProperties) = preSolution
		HideSolutionNode = FALSE
	EndGlobalSection
	GlobalSection(ExtensibilityGlobals) = postSolution
		SolutionGuid = {3126FE90-66E7-404D-84E3-9581BC18C491}
	EndGlobalSection
EndGlobal
